
Microsoft Visual Studio Solution File, Format Version 12.00
# Visual Studio 2012
Project("{8BC9CEB8-8B4A-11D0-8D11-00A0C91BC942}") = "libcec", "libcec\libcec.vcxproj", "{C04B0FB1-667D-4F1C-BDAE-A07CDFFAAAA0}"
EndProject
Project("{8BC9CEB8-8B4A-11D0-8D11-00A0C91BC942}") = "testclient", "testclient\testclient.vcxproj", "{F01222BF-6B3D-43BD-B254-434031CB9887}"
	ProjectSection(ProjectDependencies) = postProject
		{C04B0FB1-667D-4F1C-BDAE-A07CDFFAAAA0} = {C04B0FB1-667D-4F1C-BDAE-A07CDFFAAAA0}
	EndProjectSection
EndProject
Project("{8BC9CEB8-8B4A-11D0-8D11-00A0C91BC942}") = "LibCecSharp", "LibCecSharp\LibCecSharp.vcxproj", "{E54D4581-CD59-4687-BB10-694B8192EABA}"
	ProjectSection(ProjectDependencies) = postProject
		{C04B0FB1-667D-4F1C-BDAE-A07CDFFAAAA0} = {C04B0FB1-667D-4F1C-BDAE-A07CDFFAAAA0}
	EndProjectSection
EndProject
Project("{2150E333-8FDC-42A3-9474-1A3956D46DE8}") = "Solution Items", "Solution Items", "{B119505D-5CD1-48E4-BED1-9C2BF26153D5}"
EndProject
Project("{FAE04EC0-301F-11D3-BF4B-00C04F79EFBC}") = "CecSharpTester", "..\src\CecSharpTester\CecSharpTester.csproj", "{B6A7F3A9-F47C-41E5-9754-0BFF233B1172}"
EndProject
Project("{FAE04EC0-301F-11D3-BF4B-00C04F79EFBC}") = "LibCECTray", "..\src\LibCecTray\LibCECTray.csproj", "{58C106FE-C159-46D3-97E1-73AB83232670}"
EndProject
Global
	GlobalSection(SolutionConfigurationPlatforms) = preSolution
		Debug|x64 = Debug|x64
		Debug|x86 = Debug|x86
		Release|x64 = Release|x64
		Release|x86 = Release|x86
	EndGlobalSection
	GlobalSection(ProjectConfigurationPlatforms) = postSolution
		{C04B0FB1-667D-4F1C-BDAE-A07CDFFAAAA0}.Debug|x64.ActiveCfg = Debug|x64
		{C04B0FB1-667D-4F1C-BDAE-A07CDFFAAAA0}.Debug|x64.Build.0 = Debug|x64
		{C04B0FB1-667D-4F1C-BDAE-A07CDFFAAAA0}.Debug|x86.ActiveCfg = Debug|Win32
		{C04B0FB1-667D-4F1C-BDAE-A07CDFFAAAA0}.Debug|x86.Build.0 = Debug|Win32
		{C04B0FB1-667D-4F1C-BDAE-A07CDFFAAAA0}.Release|x64.ActiveCfg = Release|x64
		{C04B0FB1-667D-4F1C-BDAE-A07CDFFAAAA0}.Release|x64.Build.0 = Release|x64
		{C04B0FB1-667D-4F1C-BDAE-A07CDFFAAAA0}.Release|x86.ActiveCfg = Release|Win32
		{C04B0FB1-667D-4F1C-BDAE-A07CDFFAAAA0}.Release|x86.Build.0 = Release|Win32
		{F01222BF-6B3D-43BD-B254-434031CB9887}.Debug|x64.ActiveCfg = Debug|x64
		{F01222BF-6B3D-43BD-B254-434031CB9887}.Debug|x64.Build.0 = Debug|x64
		{F01222BF-6B3D-43BD-B254-434031CB9887}.Debug|x86.ActiveCfg = Debug|Win32
		{F01222BF-6B3D-43BD-B254-434031CB9887}.Debug|x86.Build.0 = Debug|Win32
		{F01222BF-6B3D-43BD-B254-434031CB9887}.Release|x64.ActiveCfg = Release|x64
		{F01222BF-6B3D-43BD-B254-434031CB9887}.Release|x64.Build.0 = Release|x64
		{F01222BF-6B3D-43BD-B254-434031CB9887}.Release|x86.ActiveCfg = Release|Win32
		{F01222BF-6B3D-43BD-B254-434031CB9887}.Release|x86.Build.0 = Release|Win32
		{E54D4581-CD59-4687-BB10-694B8192EABA}.Debug|x64.ActiveCfg = Debug|x64
		{E54D4581-CD59-4687-BB10-694B8192EABA}.Debug|x64.Build.0 = Debug|x64
		{E54D4581-CD59-4687-BB10-694B8192EABA}.Debug|x86.ActiveCfg = Debug|Win32
		{E54D4581-CD59-4687-BB10-694B8192EABA}.Debug|x86.Build.0 = Debug|Win32
		{E54D4581-CD59-4687-BB10-694B8192EABA}.Release|x64.ActiveCfg = Release|x64
		{E54D4581-CD59-4687-BB10-694B8192EABA}.Release|x64.Build.0 = Release|x64
		{E54D4581-CD59-4687-BB10-694B8192EABA}.Release|x86.ActiveCfg = Release|Win32
		{E54D4581-CD59-4687-BB10-694B8192EABA}.Release|x86.Build.0 = Release|Win32
		{B6A7F3A9-F47C-41E5-9754-0BFF233B1172}.Debug|x64.ActiveCfg = Debug|x64
		{B6A7F3A9-F47C-41E5-9754-0BFF233B1172}.Debug|x64.Build.0 = Debug|x64
		{B6A7F3A9-F47C-41E5-9754-0BFF233B1172}.Debug|x86.ActiveCfg = Debug|x86
		{B6A7F3A9-F47C-41E5-9754-0BFF233B1172}.Debug|x86.Build.0 = Debug|x86
		{B6A7F3A9-F47C-41E5-9754-0BFF233B1172}.Release|x64.ActiveCfg = Release|x64
		{B6A7F3A9-F47C-41E5-9754-0BFF233B1172}.Release|x64.Build.0 = Release|x64
		{B6A7F3A9-F47C-41E5-9754-0BFF233B1172}.Release|x86.ActiveCfg = Release|x86
		{B6A7F3A9-F47C-41E5-9754-0BFF233B1172}.Release|x86.Build.0 = Release|x86
		{58C106FE-C159-46D3-97E1-73AB83232670}.Debug|x64.ActiveCfg = Debug|x64
		{58C106FE-C159-46D3-97E1-73AB83232670}.Debug|x64.Build.0 = Debug|x64
		{58C106FE-C159-46D3-97E1-73AB83232670}.Debug|x86.ActiveCfg = Debug|x86
		{58C106FE-C159-46D3-97E1-73AB83232670}.Debug|x86.Build.0 = Debug|x86
		{58C106FE-C159-46D3-97E1-73AB83232670}.Release|x64.ActiveCfg = Release|x64
		{58C106FE-C159-46D3-97E1-73AB83232670}.Release|x64.Build.0 = Release|x64
		{58C106FE-C159-46D3-97E1-73AB83232670}.Release|x86.ActiveCfg = Release|x86
		{58C106FE-C159-46D3-97E1-73AB83232670}.Release|x86.Build.0 = Release|x86
	EndGlobalSection
	GlobalSection(SolutionProperties) = preSolution
		HideSolutionNode = FALSE
	EndGlobalSection
EndGlobal
