<?xml version="1.0" encoding="utf-8"?>
<Project ToolsVersion="4.0" xmlns="http://schemas.microsoft.com/developer/msbuild/2003">
  <ItemGroup>
    <Filter Include="Source Files">
      <UniqueIdentifier>{4FC737F1-C7A5-4376-A066-2A32D752A2FF}</UniqueIdentifier>
      <Extensions>cpp;c;cc;cxx;def;odl;idl;hpj;bat;asm;asmx</Extensions>
    </Filter>
    <Filter Include="Header Files">
      <UniqueIdentifier>{93995380-89BD-4b04-88EB-625FBE52EBFB}</UniqueIdentifier>
      <Extensions>h;hh;hpp;hxx;hm;inl;inc;xsd</Extensions>
    </Filter>
    <Filter Include="Resource Files">
      <UniqueIdentifier>{67DA6AB6-F800-4c08-8B7A-83BB121AAD01}</UniqueIdentifier>
      <Extensions>rc;ico;cur;bmp;dlg;rc2;rct;bin;rgs;gif;jpg;jpeg;jpe;resx;tiff;tif;png;wav;mfcribbon-ms</Extensions>
    </Filter>
  </ItemGroup>
  <ItemGroup>
    <ClInclude Include="..\..\libdcadec\bitstream.h">
      <Filter>Header Files</Filter>
    </ClInclude>
    <ClInclude Include="..\..\libdcadec\common.h">
      <Filter>Header Files</Filter>
    </ClInclude>
    <ClInclude Include="..\..\libdcadec\compiler.h">
      <Filter>Header Files</Filter>
    </ClInclude>
    <ClInclude Include="..\..\libdcadec\core_decoder.h">
      <Filter>Header Files</Filter>
    </ClInclude>
    <ClInclude Include="..\..\libdcadec\core_huffman.h">
      <Filter>Header Files</Filter>
    </ClInclude>
    <ClInclude Include="..\..\libdcadec\core_tables.h">
      <Filter>Header Files</Filter>
    </ClInclude>
    <ClInclude Include="..\..\libdcadec\core_vectors.h">
      <Filter>Header Files</Filter>
    </ClInclude>
    <ClInclude Include="..\..\libdcadec\dca_context.h">
      <Filter>Header Files</Filter>
    </ClInclude>
    <ClInclude Include="..\..\libdcadec\dca_frame.h">
      <Filter>Header Files</Filter>
    </ClInclude>
    <ClInclude Include="..\..\libdcadec\dca_stream.h">
      <Filter>Header Files</Filter>
    </ClInclude>
    <ClInclude Include="..\..\libdcadec\dca_waveout.h">
      <Filter>Header Files</Filter>
    </ClInclude>
    <ClInclude Include="..\..\libdcadec\dmix_tables.h">
      <Filter>Header Files</Filter>
    </ClInclude>
    <ClInclude Include="..\..\libdcadec\exss_parser.h">
      <Filter>Header Files</Filter>
    </ClInclude>
    <ClInclude Include="..\..\libdcadec\fir_fixed.h">
      <Filter>Header Files</Filter>
    </ClInclude>
    <ClInclude Include="..\..\libdcadec\fir_float.h">
      <Filter>Header Files</Filter>
    </ClInclude>
    <ClInclude Include="..\..\libdcadec\fixed_math.h">
      <Filter>Header Files</Filter>
    </ClInclude>
    <ClInclude Include="..\..\libdcadec\huffman.h">
      <Filter>Header Files</Filter>
    </ClInclude>
    <ClInclude Include="..\..\libdcadec\idct.h">
      <Filter>Header Files</Filter>
    </ClInclude>
    <ClInclude Include="..\..\libdcadec\interpolator.h">
      <Filter>Header Files</Filter>
    </ClInclude>
    <ClInclude Include="..\..\libdcadec\ta.h">
      <Filter>Header Files</Filter>
    </ClInclude>
    <ClInclude Include="..\..\libdcadec\xll_decoder.h">
      <Filter>Header Files</Filter>
    </ClInclude>
    <ClInclude Include="..\..\libdcadec\xll_tables.h">
      <Filter>Header Files</Filter>
    </ClInclude>
  </ItemGroup>
  <ItemGroup>
    <ClCompile Include="..\..\libdcadec\bitstream.c">
      <Filter>Source Files</Filter>
    </ClCompile>
    <ClCompile Include="..\..\libdcadec\core_decoder.c">
      <Filter>Source Files</Filter>
    </ClCompile>
    <ClCompile Include="..\..\libdcadec\dca_context.c">
      <Filter>Source Files</Filter>
    </ClCompile>
    <ClCompile Include="..\..\libdcadec\dca_frame.c">
      <Filter>Source Files</Filter>
    </ClCompile>
    <ClCompile Include="..\..\libdcadec\dca_stream.c">
      <Filter>Source Files</Filter>
    </ClCompile>
    <ClCompile Include="..\..\libdcadec\dca_waveout.c">
      <Filter>Source Files</Filter>
    </ClCompile>
    <ClCompile Include="..\..\libdcadec\dmix_tables.c">
      <Filter>Source Files</Filter>
    </ClCompile>
    <ClCompile Include="..\..\libdcadec\exss_parser.c">
      <Filter>Source Files</Filter>
    </ClCompile>
    <ClCompile Include="..\..\libdcadec\idct_fixed.c">
      <Filter>Source Files</Filter>
    </ClCompile>
    <ClCompile Include="..\..\libdcadec\idct_float.c">
      <Filter>Source Files</Filter>
    </ClCompile>
    <ClCompile Include="..\..\libdcadec\interpolator.c">
      <Filter>Source Files</Filter>
    </ClCompile>
    <ClCompile Include="..\..\libdcadec\interpolator_fixed.c">
      <Filter>Source Files</Filter>
    </ClCompile>
    <ClCompile Include="..\..\libdcadec\interpolator_float.c">
      <Filter>Source Files</Filter>
    </ClCompile>
    <ClCompile Include="..\..\libdcadec\ta.c">
      <Filter>Source Files</Filter>
    </ClCompile>
    <ClCompile Include="..\..\libdcadec\xll_decoder.c">
      <Filter>Source Files</Filter>
    </ClCompile>
  </ItemGroup>
</Project>
