
Microsoft Visual Studio Solution File, Format Version 11.00
# Visual C++ Express 2010
Project("{8BC9CEB8-8B4A-11D0-8D11-00A0C91BC942}") = "libnfs", "libnfs.vcxproj", "{7CAB9B67-6AA9-497F-A900-20D9D05049F5}"
EndProject
Project("{8BC9CEB8-8B4A-11D0-8D11-00A0C91BC942}") = "nfsclient-sync", "..\nfsclient-sync\nfsclient-sync.vcxproj", "{B907AC9A-50C5-4E43-97C3-27DC7241F6C5}"
	ProjectSection(ProjectDependencies) = postProject
		{7CAB9B67-6AA9-497F-A900-20D9D05049F5} = {7CAB9B67-6AA9-497F-A900-20D9D05049F5}
	EndProjectSection
EndProject
Global
	GlobalSection(SolutionConfigurationPlatforms) = preSolution
		Debug|Win32 = Debug|Win32
		Release|Win32 = Release|Win32
	EndGlobalSection
	GlobalSection(ProjectConfigurationPlatforms) = postSolution
		{7CAB9B67-6AA9-497F-A900-20D9D05049F5}.Debug|Win32.ActiveCfg = Debug|Win32
		{7CAB9B67-6AA9-497F-A900-20D9D05049F5}.Debug|Win32.Build.0 = Debug|Win32
		{7CAB9B67-6AA9-497F-A900-20D9D05049F5}.Release|Win32.ActiveCfg = Release|Win32
		{7CAB9B67-6AA9-497F-A900-20D9D05049F5}.Release|Win32.Build.0 = Release|Win32
		{B907AC9A-50C5-4E43-97C3-27DC7241F6C5}.Debug|Win32.ActiveCfg = Debug|Win32
		{B907AC9A-50C5-4E43-97C3-27DC7241F6C5}.Debug|Win32.Build.0 = Debug|Win32
		{B907AC9A-50C5-4E43-97C3-27DC7241F6C5}.Release|Win32.ActiveCfg = Release|Win32
		{B907AC9A-50C5-4E43-97C3-27DC7241F6C5}.Release|Win32.Build.0 = Release|Win32
	EndGlobalSection
	GlobalSection(SolutionProperties) = preSolution
		HideSolutionNode = FALSE
	EndGlobalSection
EndGlobal
