<?xml version="1.0" encoding="utf-8"?>
<Project ToolsVersion="4.0" xmlns="http://schemas.microsoft.com/developer/msbuild/2003">
  <ItemGroup>
    <Filter Include="Source Files">
      <UniqueIdentifier>{4FC737F1-C7A5-4376-A066-2A32D752A2FF}</UniqueIdentifier>
      <Extensions>cpp;c;cc;cxx;def;odl;idl;hpj;bat;asm;asmx</Extensions>
    </Filter>
    <Filter Include="Header Files">
      <UniqueIdentifier>{93995380-89BD-4b04-88EB-625FBE52EBFB}</UniqueIdentifier>
      <Extensions>h;hpp;hxx;hm;inl;inc;xsd</Extensions>
    </Filter>
  </ItemGroup>
  <ItemGroup>
    <ClCompile Include="..\..\nfs\libnfs-raw-nfs.c">
      <Filter>Source Files</Filter>
    </ClCompile>
    <ClCompile Include="..\..\nfs\nfs.c">
      <Filter>Source Files</Filter>
    </ClCompile>
    <ClCompile Include="..\..\nfs\nfsacl.c">
      <Filter>Source Files</Filter>
    </ClCompile>
    <ClCompile Include="..\..\rquota\libnfs-raw-rquota.c">
      <Filter>Source Files</Filter>
    </ClCompile>
    <ClCompile Include="..\..\rquota\rquota.c">
      <Filter>Source Files</Filter>
    </ClCompile>
    <ClCompile Include="..\..\portmap\libnfs-raw-portmap.c">
      <Filter>Source Files</Filter>
    </ClCompile>
    <ClCompile Include="..\..\portmap\portmap.c">
      <Filter>Source Files</Filter>
    </ClCompile>
    <ClCompile Include="..\..\mount\libnfs-raw-mount.c">
      <Filter>Source Files</Filter>
    </ClCompile>
    <ClCompile Include="..\..\mount\mount.c">
      <Filter>Source Files</Filter>
    </ClCompile>
    <ClCompile Include="..\..\lib\init.c">
      <Filter>Source Files</Filter>
    </ClCompile>
    <ClCompile Include="..\..\lib\libnfs.c">
      <Filter>Source Files</Filter>
    </ClCompile>
    <ClCompile Include="..\..\lib\libnfs-sync.c">
      <Filter>Source Files</Filter>
    </ClCompile>
    <ClCompile Include="..\..\lib\pdu.c">
      <Filter>Source Files</Filter>
    </ClCompile>
    <ClCompile Include="..\..\lib\socket.c">
      <Filter>Source Files</Filter>
    </ClCompile>
    <ClCompile Include="..\win32_compat.c">
      <Filter>Source Files</Filter>
    </ClCompile>
  </ItemGroup>
  <ItemGroup>
    <ClInclude Include="..\..\nfs\libnfs-raw-nfs.h">
      <Filter>Header Files</Filter>
    </ClInclude>
    <ClInclude Include="..\..\rquota\libnfs-raw-rquota.h">
      <Filter>Header Files</Filter>
    </ClInclude>
    <ClInclude Include="..\..\portmap\libnfs-raw-portmap.h">
      <Filter>Header Files</Filter>
    </ClInclude>
    <ClInclude Include="..\..\mount\libnfs-raw-mount.h">
      <Filter>Header Files</Filter>
    </ClInclude>
    <ClInclude Include="..\win32_compat.h">
      <Filter>Header Files</Filter>
    </ClInclude>
  </ItemGroup>
  <ItemGroup>
    <None Include="..\..\lib\libnfs-win32.def" />
  </ItemGroup>
</Project>